# This file is automatically @generated by Cargo.
# It is not intended for manual editing.
version = 4

[[package]]
name = "peios-uapi"
version = "0.19.0"
source = "git+https://github.com/peios/pkm?tag=v0.20.0-alpha1#b011953459c9209fede8a59b2a8f91499953e744"

[[package]]
name = "protoinit"
version = "0.0.1"

[[package]]
name = "revstrm"
version = "0.0.1"
dependencies = [
 "peios-uapi",
]

[[package]]
name = "show-sd"
version = "0.0.1"
dependencies = [
 "peios-uapi",
]

[[package]]
name = "whoami-token"
version = "0.0.1"
dependencies = [
 "peios-uapi",
]
